
Microsoft Visual Studio Solution File, Format Version 12.00
# Visual Studio Version 17
VisualStudioVersion = 17.6.33723.286
MinimumVisualStudioVersion = 10.0.40219.1
Project("{FAE04EC0-301F-11D3-BF4B-00C04F79EFBC}") = "BookStoreManagement", "BookStoreManagement.csproj", "{264196F3-DC4D-4E68-AD30-EDFFAECBEB1B}"
EndProject
Global
	GlobalSection(SolutionConfigurationPlatforms) = preSolution
		Debug|Any CPU = Debug|Any CPU
		Release|Any CPU = Release|Any CPU
	EndGlobalSection
	GlobalSection(ProjectConfigurationPlatforms) = postSolution
		{264196F3-DC4D-4E68-AD30-EDFFAECBEB1B}.Debug|Any CPU.ActiveCfg = Debug|Any CPU
		{264196F3-DC4D-4E68-AD30-EDFFAECBEB1B}.Debug|Any CPU.Build.0 = Debug|Any CPU
		{264196F3-DC4D-4E68-AD30-EDFFAECBEB1B}.Release|Any CPU.ActiveCfg = Release|Any CPU
		{264196F3-DC4D-4E68-AD30-EDFFAECBEB1B}.Release|Any CPU.Build.0 = Release|Any CPU
	EndGlobalSection
	GlobalSection(SolutionProperties) = preSolution
		HideSolutionNode = FALSE
	EndGlobalSection
	GlobalSection(ExtensibilityGlobals) = postSolution
		SolutionGuid = {FCBE5759-5CE7-47C6-8DBA-B037CB3CC38B}
	EndGlobalSection
EndGlobal
